// !$*UTF8*$!
{
	archiveVersion = 1;
	classes = {
	};
	objectVersion = 46;
	objects = {

/* Begin PBXBuildFile section */
		284322AE7B3E77EBB54EF166 /* libPods.a in Frameworks */ = {isa = PBXBuildFile; fileRef = FC85198A0E5303200DFC69BE /* libPods.a */; };
		490B39BA1CF9993700578E9E /* BUCTextAttachment.m in Sources */ = {isa = PBXBuildFile; fileRef = 490B39B91CF9993700578E9E /* BUCTextAttachment.m */; };
		49DA90E81CDF8F5100B8787B /* main.m in Sources */ = {isa = PBXBuildFile; fileRef = 49DA90E71CDF8F5100B8787B /* main.m */; };
		49DA90EB1CDF8F5100B8787B /* AppDelegate.m in Sources */ = {isa = PBXBuildFile; fileRef = 49DA90EA1CDF8F5100B8787B /* AppDelegate.m */; };
		49DA90EE1CDF8F5100B8787B /* ViewController.m in Sources */ = {isa = PBXBuildFile; fileRef = 49DA90ED1CDF8F5100B8787B /* ViewController.m */; };
		49DA90F11CDF8F5100B8787B /* Main.storyboard in Resources */ = {isa = PBXBuildFile; fileRef = 49DA90EF1CDF8F5100B8787B /* Main.storyboard */; };
		49DA90F31CDF8F5100B8787B /* Assets.xcassets in Resources */ = {isa = PBXBuildFile; fileRef = 49DA90F21CDF8F5100B8787B /* Assets.xcassets */; };
		49DA90F61CDF8F5100B8787B /* LaunchScreen.storyboard in Resources */ = {isa = PBXBuildFile; fileRef = 49DA90F41CDF8F5100B8787B /* LaunchScreen.storyboard */; };
		49DA91011CDF8F5100B8787B /* BUCilentTests.m in Sources */ = {isa = PBXBuildFile; fileRef = 49DA91001CDF8F5100B8787B /* BUCilentTests.m */; };
		49DA910C1CDF8F5100B8787B /* BUCilentUITests.m in Sources */ = {isa = PBXBuildFile; fileRef = 49DA910B1CDF8F5100B8787B /* BUCilentUITests.m */; };
		49DA911B1CDF914C00B8787B /* BUCBaseViewController.m in Sources */ = {isa = PBXBuildFile; fileRef = 49DA911A1CDF914C00B8787B /* BUCBaseViewController.m */; };
		49DA911F1CDF91A500B8787B /* BUCNetworkAPI.m in Sources */ = {isa = PBXBuildFile; fileRef = 49DA911E1CDF91A500B8787B /* BUCNetworkAPI.m */; };
		49DA91231CDF92BC00B8787B /* BUCTabViewController.m in Sources */ = {isa = PBXBuildFile; fileRef = 49DA91221CDF92BC00B8787B /* BUCTabViewController.m */; };
		49DA91271CDF92E700B8787B /* BUCHomeViewController.m in Sources */ = {isa = PBXBuildFile; fileRef = 49DA91261CDF92E700B8787B /* BUCHomeViewController.m */; };
		49DA912B1CDF936700B8787B /* BUCDiscoverViewController.m in Sources */ = {isa = PBXBuildFile; fileRef = 49DA912A1CDF936700B8787B /* BUCDiscoverViewController.m */; };
		49DA91331CDF93F300B8787B /* BUCBaseTableViewCell.m in Sources */ = {isa = PBXBuildFile; fileRef = 49DA91321CDF93F300B8787B /* BUCBaseTableViewCell.m */; };
		49DA91391CDF947200B8787B /* BUCMyProfileViewController.m in Sources */ = {isa = PBXBuildFile; fileRef = 49DA91381CDF947200B8787B /* BUCMyProfileViewController.m */; };
		49DA913D1CDF94AC00B8787B /* BUCHomeCell.m in Sources */ = {isa = PBXBuildFile; fileRef = 49DA913C1CDF94AC00B8787B /* BUCHomeCell.m */; };
		49DA91411CDF95C400B8787B /* BUCNetworkEngine.m in Sources */ = {isa = PBXBuildFile; fileRef = 49DA91401CDF95C400B8787B /* BUCNetworkEngine.m */; };
		49DA91441CDF9F6700B8787B /* BUCLoginViewController.m in Sources */ = {isa = PBXBuildFile; fileRef = 49DA91431CDF9F6700B8787B /* BUCLoginViewController.m */; };
		49DA91481CDFA26200B8787B /* BUCLoadingView.m in Sources */ = {isa = PBXBuildFile; fileRef = 49DA91471CDFA26200B8787B /* BUCLoadingView.m */; };
		49DA914C1CDFA41300B8787B /* NSString+Tools.m in Sources */ = {isa = PBXBuildFile; fileRef = 49DA914B1CDFA41300B8787B /* NSString+Tools.m */; };
		49DA91501CDFAA2D00B8787B /* BUCDataManager.m in Sources */ = {isa = PBXBuildFile; fileRef = 49DA914F1CDFAA2D00B8787B /* BUCDataManager.m */; };
		49DA91531CDFADD100B8787B /* BUCUserManager.m in Sources */ = {isa = PBXBuildFile; fileRef = 49DA91521CDFADD100B8787B /* BUCUserManager.m */; };
		49DA91561CDFAE3B00B8787B /* BUCBaseModel.m in Sources */ = {isa = PBXBuildFile; fileRef = 49DA91551CDFAE3B00B8787B /* BUCBaseModel.m */; };
		49DA915A1CDFAE6100B8787B /* BUCAccountModel.m in Sources */ = {isa = PBXBuildFile; fileRef = 49DA91591CDFAE6100B8787B /* BUCAccountModel.m */; };
		49DA915D1CE06D0200B8787B /* BUCHomeModel.m in Sources */ = {isa = PBXBuildFile; fileRef = 49DA915C1CE06D0200B8787B /* BUCHomeModel.m */; };
		49DA91601CE06FD300B8787B /* BUCHomeLastReplyModel.m in Sources */ = {isa = PBXBuildFile; fileRef = 49DA915F1CE06FD300B8787B /* BUCHomeLastReplyModel.m */; };
		49DA91631CE07C8200B8787B /* UIColor+BUC.m in Sources */ = {isa = PBXBuildFile; fileRef = 49DA91621CE07C8200B8787B /* UIColor+BUC.m */; };
		49DA91661CE0803800B8787B /* BUCPostDetailViewController.m in Sources */ = {isa = PBXBuildFile; fileRef = 49DA91651CE0803800B8787B /* BUCPostDetailViewController.m */; };
		49DA91691CE0807E00B8787B /* BUCPostDetailCell.m in Sources */ = {isa = PBXBuildFile; fileRef = 49DA91681CE0807E00B8787B /* BUCPostDetailCell.m */; };
		49DA916C1CE086DD00B8787B /* BUCPostDetailModel.m in Sources */ = {isa = PBXBuildFile; fileRef = 49DA916B1CE086DD00B8787B /* BUCPostDetailModel.m */; };
		49DA916F1CE0881700B8787B /* BUCHtmlScraper.m in Sources */ = {isa = PBXBuildFile; fileRef = 49DA916E1CE0881700B8787B /* BUCHtmlScraper.m */; };
		49DA91771CE0889A00B8787B /* TFHpple.m in Sources */ = {isa = PBXBuildFile; fileRef = 49DA91721CE0889A00B8787B /* TFHpple.m */; };
		49DA91781CE0889A00B8787B /* TFHppleElement.m in Sources */ = {isa = PBXBuildFile; fileRef = 49DA91741CE0889A00B8787B /* TFHppleElement.m */; };
		49DA91791CE0889A00B8787B /* XPathQuery.m in Sources */ = {isa = PBXBuildFile; fileRef = 49DA91761CE0889A00B8787B /* XPathQuery.m */; };
		49DA917B1CE088CC00B8787B /* libxml2.2.tbd in Frameworks */ = {isa = PBXBuildFile; fileRef = 49DA917A1CE088CC00B8787B /* libxml2.2.tbd */; };
		49DA917E1CE0E35E00B8787B /* BUCArray.m in Sources */ = {isa = PBXBuildFile; fileRef = 49DA917D1CE0E35E00B8787B /* BUCArray.m */; };
		49DA91811CE0EF8C00B8787B /* BUCFooterView.m in Sources */ = {isa = PBXBuildFile; fileRef = 49DA91801CE0EF8C00B8787B /* BUCFooterView.m */; };
		49DA91841CE0F61800B8787B /* BUCReplyViewController.m in Sources */ = {isa = PBXBuildFile; fileRef = 49DA91831CE0F61800B8787B /* BUCReplyViewController.m */; };
/* End PBXBuildFile section */

/* Begin PBXContainerItemProxy section */
		49DA90FD1CDF8F5100B8787B /* PBXContainerItemProxy */ = {
			isa = PBXContainerItemProxy;
			containerPortal = 49DA90DB1CDF8F5100B8787B /* Project object */;
			proxyType = 1;
			remoteGlobalIDString = 49DA90E21CDF8F5100B8787B;
			remoteInfo = BUCilent;
		};
		49DA91081CDF8F5100B8787B /* PBXContainerItemProxy */ = {
			isa = PBXContainerItemProxy;
			containerPortal = 49DA90DB1CDF8F5100B8787B /* Project object */;
			proxyType = 1;
			remoteGlobalIDString = 49DA90E21CDF8F5100B8787B;
			remoteInfo = BUCilent;
		};
/* End PBXContainerItemProxy section */

/* Begin PBXFileReference section */
		2D39087C48B1B4005FECCF72 /* Pods.release.xcconfig */ = {isa = PBXFileReference; includeInIndex = 1; lastKnownFileType = text.xcconfig; name = Pods.release.xcconfig; path = "Pods/Target Support Files/Pods/Pods.release.xcconfig"; sourceTree = "<group>"; };
		490B39B81CF9993700578E9E /* BUCTextAttachment.h */ = {isa = PBXFileReference; fileEncoding = 4; lastKnownFileType = sourcecode.c.h; path = BUCTextAttachment.h; sourceTree = "<group>"; };
		490B39B91CF9993700578E9E /* BUCTextAttachment.m */ = {isa = PBXFileReference; fileEncoding = 4; lastKnownFileType = sourcecode.c.objc; path = BUCTextAttachment.m; sourceTree = "<group>"; };
		49DA90E31CDF8F5100B8787B /* BUCilent.app */ = {isa = PBXFileReference; explicitFileType = wrapper.application; includeInIndex = 0; path = BUCilent.app; sourceTree = BUILT_PRODUCTS_DIR; };
		49DA90E71CDF8F5100B8787B /* main.m */ = {isa = PBXFileReference; lastKnownFileType = sourcecode.c.objc; path = main.m; sourceTree = "<group>"; };
		49DA90E91CDF8F5100B8787B /* AppDelegate.h */ = {isa = PBXFileReference; lastKnownFileType = sourcecode.c.h; path = AppDelegate.h; sourceTree = "<group>"; };
		49DA90EA1CDF8F5100B8787B /* AppDelegate.m */ = {isa = PBXFileReference; lastKnownFileType = sourcecode.c.objc; path = AppDelegate.m; sourceTree = "<group>"; };
		49DA90EC1CDF8F5100B8787B /* ViewController.h */ = {isa = PBXFileReference; lastKnownFileType = sourcecode.c.h; path = ViewController.h; sourceTree = "<group>"; };
		49DA90ED1CDF8F5100B8787B /* ViewController.m */ = {isa = PBXFileReference; lastKnownFileType = sourcecode.c.objc; path = ViewController.m; sourceTree = "<group>"; };
		49DA90F01CDF8F5100B8787B /* Base */ = {isa = PBXFileReference; lastKnownFileType = file.storyboard; name = Base; path = Base.lproj/Main.storyboard; sourceTree = "<group>"; };
		49DA90F21CDF8F5100B8787B /* Assets.xcassets */ = {isa = PBXFileReference; lastKnownFileType = folder.assetcatalog; path = Assets.xcassets; sourceTree = "<group>"; };
		49DA90F51CDF8F5100B8787B /* Base */ = {isa = PBXFileReference; lastKnownFileType = file.storyboard; name = Base; path = Base.lproj/LaunchScreen.storyboard; sourceTree = "<group>"; };
		49DA90F71CDF8F5100B8787B /* Info.plist */ = {isa = PBXFileReference; lastKnownFileType = text.plist.xml; path = Info.plist; sourceTree = "<group>"; };
		49DA90FC1CDF8F5100B8787B /* BUCilentTests.xctest */ = {isa = PBXFileReference; explicitFileType = wrapper.cfbundle; includeInIndex = 0; path = BUCilentTests.xctest; sourceTree = BUILT_PRODUCTS_DIR; };
		49DA91001CDF8F5100B8787B /* BUCilentTests.m */ = {isa = PBXFileReference; lastKnownFileType = sourcecode.c.objc; path = BUCilentTests.m; sourceTree = "<group>"; };
		49DA91021CDF8F5100B8787B /* Info.plist */ = {isa = PBXFileReference; lastKnownFileType = text.plist.xml; path = Info.plist; sourceTree = "<group>"; };
		49DA91071CDF8F5100B8787B /* BUCilentUITests.xctest */ = {isa = PBXFileReference; explicitFileType = wrapper.cfbundle; includeInIndex = 0; path = BUCilentUITests.xctest; sourceTree = BUILT_PRODUCTS_DIR; };
		49DA910B1CDF8F5100B8787B /* BUCilentUITests.m */ = {isa = PBXFileReference; lastKnownFileType = sourcecode.c.objc; path = BUCilentUITests.m; sourceTree = "<group>"; };
		49DA910D1CDF8F5100B8787B /* Info.plist */ = {isa = PBXFileReference; lastKnownFileType = text.plist.xml; path = Info.plist; sourceTree = "<group>"; };
		49DA91191CDF914C00B8787B /* BUCBaseViewController.h */ = {isa = PBXFileReference; fileEncoding = 4; lastKnownFileType = sourcecode.c.h; name = BUCBaseViewController.h; path = Base/BUCBaseViewController.h; sourceTree = "<group>"; };
		49DA911A1CDF914C00B8787B /* BUCBaseViewController.m */ = {isa = PBXFileReference; fileEncoding = 4; lastKnownFileType = sourcecode.c.objc; name = BUCBaseViewController.m; path = Base/BUCBaseViewController.m; sourceTree = "<group>"; };
		49DA911D1CDF91A500B8787B /* BUCNetworkAPI.h */ = {isa = PBXFileReference; fileEncoding = 4; lastKnownFileType = sourcecode.c.h; name = BUCNetworkAPI.h; path = Tools/BUCNetworkAPI.h; sourceTree = "<group>"; };
		49DA911E1CDF91A500B8787B /* BUCNetworkAPI.m */ = {isa = PBXFileReference; fileEncoding = 4; lastKnownFileType = sourcecode.c.objc; name = BUCNetworkAPI.m; path = Tools/BUCNetworkAPI.m; sourceTree = "<group>"; };
		49DA91211CDF92BC00B8787B /* BUCTabViewController.h */ = {isa = PBXFileReference; fileEncoding = 4; lastKnownFileType = sourcecode.c.h; name = BUCTabViewController.h; path = UI/BUCTabViewController.h; sourceTree = "<group>"; };
		49DA91221CDF92BC00B8787B /* BUCTabViewController.m */ = {isa = PBXFileReference; fileEncoding = 4; lastKnownFileType = sourcecode.c.objc; name = BUCTabViewController.m; path = UI/BUCTabViewController.m; sourceTree = "<group>"; };
		49DA91251CDF92E700B8787B /* BUCHomeViewController.h */ = {isa = PBXFileReference; fileEncoding = 4; lastKnownFileType = sourcecode.c.h; name = BUCHomeViewController.h; path = UI/Home/BUCHomeViewController.h; sourceTree = "<group>"; };
		49DA91261CDF92E700B8787B /* BUCHomeViewController.m */ = {isa = PBXFileReference; fileEncoding = 4; lastKnownFileType = sourcecode.c.objc; name = BUCHomeViewController.m; path = UI/Home/BUCHomeViewController.m; sourceTree = "<group>"; };
		49DA91291CDF936700B8787B /* BUCDiscoverViewController.h */ = {isa = PBXFileReference; fileEncoding = 4; lastKnownFileType = sourcecode.c.h; name = BUCDiscoverViewController.h; path = UI/Discover/BUCDiscoverViewController.h; sourceTree = "<group>"; };
		49DA912A1CDF936700B8787B /* BUCDiscoverViewController.m */ = {isa = PBXFileReference; fileEncoding = 4; lastKnownFileType = sourcecode.c.objc; name = BUCDiscoverViewController.m; path = UI/Discover/BUCDiscoverViewController.m; sourceTree = "<group>"; };
		49DA91311CDF93F300B8787B /* BUCBaseTableViewCell.h */ = {isa = PBXFileReference; fileEncoding = 4; lastKnownFileType = sourcecode.c.h; name = BUCBaseTableViewCell.h; path = Base/BUCBaseTableViewCell.h; sourceTree = "<group>"; };
		49DA91321CDF93F300B8787B /* BUCBaseTableViewCell.m */ = {isa = PBXFileReference; fileEncoding = 4; lastKnownFileType = sourcecode.c.objc; name = BUCBaseTableViewCell.m; path = Base/BUCBaseTableViewCell.m; sourceTree = "<group>"; };
		49DA91371CDF947200B8787B /* BUCMyProfileViewController.h */ = {isa = PBXFileReference; fileEncoding = 4; lastKnownFileType = sourcecode.c.h; name = BUCMyProfileViewController.h; path = UI/MyProfile/BUCMyProfileViewController.h; sourceTree = "<group>"; };
		49DA91381CDF947200B8787B /* BUCMyProfileViewController.m */ = {isa = PBXFileReference; fileEncoding = 4; lastKnownFileType = sourcecode.c.objc; name = BUCMyProfileViewController.m; path = UI/MyProfile/BUCMyProfileViewController.m; sourceTree = "<group>"; };
		49DA913B1CDF94AC00B8787B /* BUCHomeCell.h */ = {isa = PBXFileReference; fileEncoding = 4; lastKnownFileType = sourcecode.c.h; name = BUCHomeCell.h; path = UI/Home/Views/BUCHomeCell.h; sourceTree = "<group>"; };
		49DA913C1CDF94AC00B8787B /* BUCHomeCell.m */ = {isa = PBXFileReference; fileEncoding = 4; lastKnownFileType = sourcecode.c.objc; name = BUCHomeCell.m; path = UI/Home/Views/BUCHomeCell.m; sourceTree = "<group>"; };
		49DA913F1CDF95C400B8787B /* BUCNetworkEngine.h */ = {isa = PBXFileReference; fileEncoding = 4; lastKnownFileType = sourcecode.c.h; name = BUCNetworkEngine.h; path = Tools/BUCNetworkEngine.h; sourceTree = "<group>"; };
		49DA91401CDF95C400B8787B /* BUCNetworkEngine.m */ = {isa = PBXFileReference; fileEncoding = 4; lastKnownFileType = sourcecode.c.objc; name = BUCNetworkEngine.m; path = Tools/BUCNetworkEngine.m; sourceTree = "<group>"; };
		49DA91421CDF9F6700B8787B /* BUCLoginViewController.h */ = {isa = PBXFileReference; fileEncoding = 4; lastKnownFileType = sourcecode.c.h; name = BUCLoginViewController.h; path = UI/BUCLoginViewController.h; sourceTree = "<group>"; };
		49DA91431CDF9F6700B8787B /* BUCLoginViewController.m */ = {isa = PBXFileReference; fileEncoding = 4; lastKnownFileType = sourcecode.c.objc; name = BUCLoginViewController.m; path = UI/BUCLoginViewController.m; sourceTree = "<group>"; };
		49DA91451CDFA0D300B8787B /* BUCilent_PrefixHeader.pch */ = {isa = PBXFileReference; lastKnownFileType = sourcecode.c.h; path = BUCilent_PrefixHeader.pch; sourceTree = "<group>"; };
		49DA91461CDFA26200B8787B /* BUCLoadingView.h */ = {isa = PBXFileReference; fileEncoding = 4; lastKnownFileType = sourcecode.c.h; name = BUCLoadingView.h; path = UI/Views/BUCLoadingView.h; sourceTree = "<group>"; };
		49DA91471CDFA26200B8787B /* BUCLoadingView.m */ = {isa = PBXFileReference; fileEncoding = 4; lastKnownFileType = sourcecode.c.objc; name = BUCLoadingView.m; path = UI/Views/BUCLoadingView.m; sourceTree = "<group>"; };
		49DA914A1CDFA41300B8787B /* NSString+Tools.h */ = {isa = PBXFileReference; fileEncoding = 4; lastKnownFileType = sourcecode.c.h; name = "NSString+Tools.h"; path = "Category/NSString+Tools.h"; sourceTree = "<group>"; };
		49DA914B1CDFA41300B8787B /* NSString+Tools.m */ = {isa = PBXFileReference; fileEncoding = 4; lastKnownFileType = sourcecode.c.objc; name = "NSString+Tools.m"; path = "Category/NSString+Tools.m"; sourceTree = "<group>"; };
		49DA914E1CDFAA2D00B8787B /* BUCDataManager.h */ = {isa = PBXFileReference; fileEncoding = 4; lastKnownFileType = sourcecode.c.h; name = BUCDataManager.h; path = Tools/BUCDataManager.h; sourceTree = "<group>"; };
		49DA914F1CDFAA2D00B8787B /* BUCDataManager.m */ = {isa = PBXFileReference; fileEncoding = 4; lastKnownFileType = sourcecode.c.objc; name = BUCDataManager.m; path = Tools/BUCDataManager.m; sourceTree = "<group>"; };
		49DA91511CDFADD000B8787B /* BUCUserManager.h */ = {isa = PBXFileReference; fileEncoding = 4; lastKnownFileType = sourcecode.c.h; name = BUCUserManager.h; path = Tools/BUCUserManager.h; sourceTree = "<group>"; };
		49DA91521CDFADD100B8787B /* BUCUserManager.m */ = {isa = PBXFileReference; fileEncoding = 4; lastKnownFileType = sourcecode.c.objc; name = BUCUserManager.m; path = Tools/BUCUserManager.m; sourceTree = "<group>"; };
		49DA91541CDFAE3B00B8787B /* BUCBaseModel.h */ = {isa = PBXFileReference; fileEncoding = 4; lastKnownFileType = sourcecode.c.h; name = BUCBaseModel.h; path = Model/BUCBaseModel.h; sourceTree = "<group>"; };
		49DA91551CDFAE3B00B8787B /* BUCBaseModel.m */ = {isa = PBXFileReference; fileEncoding = 4; lastKnownFileType = sourcecode.c.objc; name = BUCBaseModel.m; path = Model/BUCBaseModel.m; sourceTree = "<group>"; };
		49DA91581CDFAE6100B8787B /* BUCAccountModel.h */ = {isa = PBXFileReference; fileEncoding = 4; lastKnownFileType = sourcecode.c.h; name = BUCAccountModel.h; path = Model/BUCAccountModel.h; sourceTree = "<group>"; };
		49DA91591CDFAE6100B8787B /* BUCAccountModel.m */ = {isa = PBXFileReference; fileEncoding = 4; lastKnownFileType = sourcecode.c.objc; name = BUCAccountModel.m; path = Model/BUCAccountModel.m; sourceTree = "<group>"; };
		49DA915B1CE06D0200B8787B /* BUCHomeModel.h */ = {isa = PBXFileReference; fileEncoding = 4; lastKnownFileType = sourcecode.c.h; name = BUCHomeModel.h; path = Model/BUCHomeModel.h; sourceTree = "<group>"; };
		49DA915C1CE06D0200B8787B /* BUCHomeModel.m */ = {isa = PBXFileReference; fileEncoding = 4; lastKnownFileType = sourcecode.c.objc; name = BUCHomeModel.m; path = Model/BUCHomeModel.m; sourceTree = "<group>"; };
		49DA915E1CE06FD300B8787B /* BUCHomeLastReplyModel.h */ = {isa = PBXFileReference; fileEncoding = 4; lastKnownFileType = sourcecode.c.h; name = BUCHomeLastReplyModel.h; path = Model/BUCHomeLastReplyModel.h; sourceTree = "<group>"; };
		49DA915F1CE06FD300B8787B /* BUCHomeLastReplyModel.m */ = {isa = PBXFileReference; fileEncoding = 4; lastKnownFileType = sourcecode.c.objc; name = BUCHomeLastReplyModel.m; path = Model/BUCHomeLastReplyModel.m; sourceTree = "<group>"; };
		49DA91611CE07C8200B8787B /* UIColor+BUC.h */ = {isa = PBXFileReference; fileEncoding = 4; lastKnownFileType = sourcecode.c.h; name = "UIColor+BUC.h"; path = "Category/UIColor+BUC.h"; sourceTree = "<group>"; };
		49DA91621CE07C8200B8787B /* UIColor+BUC.m */ = {isa = PBXFileReference; fileEncoding = 4; lastKnownFileType = sourcecode.c.objc; name = "UIColor+BUC.m"; path = "Category/UIColor+BUC.m"; sourceTree = "<group>"; };
		49DA91641CE0803800B8787B /* BUCPostDetailViewController.h */ = {isa = PBXFileReference; fileEncoding = 4; lastKnownFileType = sourcecode.c.h; name = BUCPostDetailViewController.h; path = UI/Home/BUCPostDetailViewController.h; sourceTree = "<group>"; };
		49DA91651CE0803800B8787B /* BUCPostDetailViewController.m */ = {isa = PBXFileReference; fileEncoding = 4; lastKnownFileType = sourcecode.c.objc; name = BUCPostDetailViewController.m; path = UI/Home/BUCPostDetailViewController.m; sourceTree = "<group>"; };
		49DA91671CE0807E00B8787B /* BUCPostDetailCell.h */ = {isa = PBXFileReference; fileEncoding = 4; lastKnownFileType = sourcecode.c.h; name = BUCPostDetailCell.h; path = UI/Home/Views/BUCPostDetailCell.h; sourceTree = "<group>"; };
		49DA91681CE0807E00B8787B /* BUCPostDetailCell.m */ = {isa = PBXFileReference; fileEncoding = 4; lastKnownFileType = sourcecode.c.objc; name = BUCPostDetailCell.m; path = UI/Home/Views/BUCPostDetailCell.m; sourceTree = "<group>"; };
		49DA916A1CE086DD00B8787B /* BUCPostDetailModel.h */ = {isa = PBXFileReference; fileEncoding = 4; lastKnownFileType = sourcecode.c.h; name = BUCPostDetailModel.h; path = Model/BUCPostDetailModel.h; sourceTree = "<group>"; };
		49DA916B1CE086DD00B8787B /* BUCPostDetailModel.m */ = {isa = PBXFileReference; fileEncoding = 4; lastKnownFileType = sourcecode.c.objc; name = BUCPostDetailModel.m; path = Model/BUCPostDetailModel.m; sourceTree = "<group>"; };
		49DA916D1CE0881700B8787B /* BUCHtmlScraper.h */ = {isa = PBXFileReference; fileEncoding = 4; lastKnownFileType = sourcecode.c.h; name = BUCHtmlScraper.h; path = Tools/BUCHtmlScraper.h; sourceTree = "<group>"; };
		49DA916E1CE0881700B8787B /* BUCHtmlScraper.m */ = {isa = PBXFileReference; fileEncoding = 4; lastKnownFileType = sourcecode.c.objc; name = BUCHtmlScraper.m; path = Tools/BUCHtmlScraper.m; sourceTree = "<group>"; };
		49DA91711CE0889A00B8787B /* TFHpple.h */ = {isa = PBXFileReference; fileEncoding = 4; lastKnownFileType = sourcecode.c.h; path = TFHpple.h; sourceTree = "<group>"; };
		49DA91721CE0889A00B8787B /* TFHpple.m */ = {isa = PBXFileReference; fileEncoding = 4; lastKnownFileType = sourcecode.c.objc; path = TFHpple.m; sourceTree = "<group>"; };
		49DA91731CE0889A00B8787B /* TFHppleElement.h */ = {isa = PBXFileReference; fileEncoding = 4; lastKnownFileType = sourcecode.c.h; path = TFHppleElement.h; sourceTree = "<group>"; };
		49DA91741CE0889A00B8787B /* TFHppleElement.m */ = {isa = PBXFileReference; fileEncoding = 4; lastKnownFileType = sourcecode.c.objc; path = TFHppleElement.m; sourceTree = "<group>"; };
		49DA91751CE0889A00B8787B /* XPathQuery.h */ = {isa = PBXFileReference; fileEncoding = 4; lastKnownFileType = sourcecode.c.h; path = XPathQuery.h; sourceTree = "<group>"; };
		49DA91761CE0889A00B8787B /* XPathQuery.m */ = {isa = PBXFileReference; fileEncoding = 4; lastKnownFileType = sourcecode.c.objc; path = XPathQuery.m; sourceTree = "<group>"; };
		49DA917A1CE088CC00B8787B /* libxml2.2.tbd */ = {isa = PBXFileReference; lastKnownFileType = "sourcecode.text-based-dylib-definition"; name = libxml2.2.tbd; path = usr/lib/libxml2.2.tbd; sourceTree = SDKROOT; };
		49DA917C1CE0E35E00B8787B /* BUCArray.h */ = {isa = PBXFileReference; fileEncoding = 4; lastKnownFileType = sourcecode.c.h; name = BUCArray.h; path = Category/BUCArray.h; sourceTree = "<group>"; };
		49DA917D1CE0E35E00B8787B /* BUCArray.m */ = {isa = PBXFileReference; fileEncoding = 4; lastKnownFileType = sourcecode.c.objc; name = BUCArray.m; path = Category/BUCArray.m; sourceTree = "<group>"; };
		49DA917F1CE0EF8C00B8787B /* BUCFooterView.h */ = {isa = PBXFileReference; fileEncoding = 4; lastKnownFileType = sourcecode.c.h; name = BUCFooterView.h; path = UI/Home/Views/BUCFooterView.h; sourceTree = "<group>"; };
		49DA91801CE0EF8C00B8787B /* BUCFooterView.m */ = {isa = PBXFileReference; fileEncoding = 4; lastKnownFileType = sourcecode.c.objc; name = BUCFooterView.m; path = UI/Home/Views/BUCFooterView.m; sourceTree = "<group>"; };
		49DA91821CE0F61800B8787B /* BUCReplyViewController.h */ = {isa = PBXFileReference; fileEncoding = 4; lastKnownFileType = sourcecode.c.h; name = BUCReplyViewController.h; path = UI/Home/BUCReplyViewController.h; sourceTree = "<group>"; };
		49DA91831CE0F61800B8787B /* BUCReplyViewController.m */ = {isa = PBXFileReference; fileEncoding = 4; lastKnownFileType = sourcecode.c.objc; name = BUCReplyViewController.m; path = UI/Home/BUCReplyViewController.m; sourceTree = "<group>"; };
		AF7E450261B0582219AD711F /* Pods.debug.xcconfig */ = {isa = PBXFileReference; includeInIndex = 1; lastKnownFileType = text.xcconfig; name = Pods.debug.xcconfig; path = "Pods/Target Support Files/Pods/Pods.debug.xcconfig"; sourceTree = "<group>"; };
		FC85198A0E5303200DFC69BE /* libPods.a */ = {isa = PBXFileReference; explicitFileType = archive.ar; includeInIndex = 0; path = libPods.a; sourceTree = BUILT_PRODUCTS_DIR; };
/* End PBXFileReference section */

/* Begin PBXFrameworksBuildPhase section */
		49DA90E01CDF8F5100B8787B /* Frameworks */ = {
			isa = PBXFrameworksBuildPhase;
			buildActionMask = 2147483647;
			files = (
				49DA917B1CE088CC00B8787B /* libxml2.2.tbd in Frameworks */,
				284322AE7B3E77EBB54EF166 /* libPods.a in Frameworks */,
			);
			runOnlyForDeploymentPostprocessing = 0;
		};
		49DA90F91CDF8F5100B8787B /* Frameworks */ = {
			isa = PBXFrameworksBuildPhase;
			buildActionMask = 2147483647;
			files = (
			);
			runOnlyForDeploymentPostprocessing = 0;
		};
		49DA91041CDF8F5100B8787B /* Frameworks */ = {
			isa = PBXFrameworksBuildPhase;
			buildActionMask = 2147483647;
			files = (
			);
			runOnlyForDeploymentPostprocessing = 0;
		};
/* End PBXFrameworksBuildPhase section */

/* Begin PBXGroup section */
		438C9EDAAB77C0B7ACE94AFE /* Pods */ = {
			isa = PBXGroup;
			children = (
				AF7E450261B0582219AD711F /* Pods.debug.xcconfig */,
				2D39087C48B1B4005FECCF72 /* Pods.release.xcconfig */,
			);
			name = Pods;
			sourceTree = "<group>";
		};
		49DA90DA1CDF8F5100B8787B = {
			isa = PBXGroup;
			children = (
				49DA90E51CDF8F5100B8787B /* BUCilent */,
				49DA90FF1CDF8F5100B8787B /* BUCilentTests */,
				49DA910A1CDF8F5100B8787B /* BUCilentUITests */,
				49DA90E41CDF8F5100B8787B /* Products */,
				438C9EDAAB77C0B7ACE94AFE /* Pods */,
				AFC72E598F31E33D58905C74 /* Frameworks */,
			);
			sourceTree = "<group>";
		};
		49DA90E41CDF8F5100B8787B /* Products */ = {
			isa = PBXGroup;
			children = (
				49DA90E31CDF8F5100B8787B /* BUCilent.app */,
				49DA90FC1CDF8F5100B8787B /* BUCilentTests.xctest */,
				49DA91071CDF8F5100B8787B /* BUCilentUITests.xctest */,
			);
			name = Products;
			sourceTree = "<group>";
		};
		49DA90E51CDF8F5100B8787B /* BUCilent */ = {
			isa = PBXGroup;
			children = (
				49DA90E91CDF8F5100B8787B /* AppDelegate.h */,
				49DA90EA1CDF8F5100B8787B /* AppDelegate.m */,
				49DA91201CDF91AA00B8787B /* Tools */,
				49DA914D1CDFA41700B8787B /* Category */,
				49DA911C1CDF915200B8787B /* Base */,
				49DA91571CDFAE3F00B8787B /* Model */,
				49DA91241CDF92C000B8787B /* UI */,
				49DA90EC1CDF8F5100B8787B /* ViewController.h */,
				49DA90ED1CDF8F5100B8787B /* ViewController.m */,
				49DA90EF1CDF8F5100B8787B /* Main.storyboard */,
				49DA90F21CDF8F5100B8787B /* Assets.xcassets */,
				49DA90F41CDF8F5100B8787B /* LaunchScreen.storyboard */,
				49DA90F71CDF8F5100B8787B /* Info.plist */,
				49DA90E61CDF8F5100B8787B /* Supporting Files */,
			);
			path = BUCilent;
			sourceTree = "<group>";
		};
		49DA90E61CDF8F5100B8787B /* Supporting Files */ = {
			isa = PBXGroup;
			children = (
				49DA90E71CDF8F5100B8787B /* main.m */,
				49DA91451CDFA0D300B8787B /* BUCilent_PrefixHeader.pch */,
			);
			name = "Supporting Files";
			sourceTree = "<group>";
		};
		49DA90FF1CDF8F5100B8787B /* BUCilentTests */ = {
			isa = PBXGroup;
			children = (
				49DA91001CDF8F5100B8787B /* BUCilentTests.m */,
				49DA91021CDF8F5100B8787B /* Info.plist */,
			);
			path = BUCilentTests;
			sourceTree = "<group>";
		};
		49DA910A1CDF8F5100B8787B /* BUCilentUITests */ = {
			isa = PBXGroup;
			children = (
				49DA910B1CDF8F5100B8787B /* BUCilentUITests.m */,
				49DA910D1CDF8F5100B8787B /* Info.plist */,
			);
			path = BUCilentUITests;
			sourceTree = "<group>";
		};
		49DA911C1CDF915200B8787B /* Base */ = {
			isa = PBXGroup;
			children = (
				49DA91191CDF914C00B8787B /* BUCBaseViewController.h */,
				49DA911A1CDF914C00B8787B /* BUCBaseViewController.m */,
				49DA91311CDF93F300B8787B /* BUCBaseTableViewCell.h */,
				49DA91321CDF93F300B8787B /* BUCBaseTableViewCell.m */,
			);
			name = Base;
			sourceTree = "<group>";
		};
		49DA91201CDF91AA00B8787B /* Tools */ = {
			isa = PBXGroup;
			children = (
				49DA91701CE0889A00B8787B /* Happle */,
				49DA911D1CDF91A500B8787B /* BUCNetworkAPI.h */,
				49DA911E1CDF91A500B8787B /* BUCNetworkAPI.m */,
				49DA913F1CDF95C400B8787B /* BUCNetworkEngine.h */,
				49DA91401CDF95C400B8787B /* BUCNetworkEngine.m */,
				49DA914E1CDFAA2D00B8787B /* BUCDataManager.h */,
				49DA914F1CDFAA2D00B8787B /* BUCDataManager.m */,
				49DA91511CDFADD000B8787B /* BUCUserManager.h */,
				49DA91521CDFADD100B8787B /* BUCUserManager.m */,
				49DA916D1CE0881700B8787B /* BUCHtmlScraper.h */,
				49DA916E1CE0881700B8787B /* BUCHtmlScraper.m */,
			);
			name = Tools;
			sourceTree = "<group>";
		};
		49DA91241CDF92C000B8787B /* UI */ = {
			isa = PBXGroup;
			children = (
				49DA91491CDFA26C00B8787B /* Views */,
				49DA91211CDF92BC00B8787B /* BUCTabViewController.h */,
				49DA91221CDF92BC00B8787B /* BUCTabViewController.m */,
				49DA91421CDF9F6700B8787B /* BUCLoginViewController.h */,
				49DA91431CDF9F6700B8787B /* BUCLoginViewController.m */,
				49DA91281CDF92EC00B8787B /* Home */,
				49DA912C1CDF936B00B8787B /* Discover */,
				49DA913A1CDF947600B8787B /* MyProfile */,
			);
			name = UI;
			sourceTree = "<group>";
		};
		49DA91281CDF92EC00B8787B /* Home */ = {
			isa = PBXGroup;
			children = (
				49DA91251CDF92E700B8787B /* BUCHomeViewController.h */,
				49DA91261CDF92E700B8787B /* BUCHomeViewController.m */,
				49DA91641CE0803800B8787B /* BUCPostDetailViewController.h */,
				49DA91651CE0803800B8787B /* BUCPostDetailViewController.m */,
				49DA91821CE0F61800B8787B /* BUCReplyViewController.h */,
				49DA91831CE0F61800B8787B /* BUCReplyViewController.m */,
				49DA913E1CDF94B100B8787B /* Views */,
			);
			name = Home;
			sourceTree = "<group>";
		};
		49DA912C1CDF936B00B8787B /* Discover */ = {
			isa = PBXGroup;
			children = (
				49DA91291CDF936700B8787B /* BUCDiscoverViewController.h */,
				49DA912A1CDF936700B8787B /* BUCDiscoverViewController.m */,
			);
			name = Discover;
			sourceTree = "<group>";
		};
		49DA913A1CDF947600B8787B /* MyProfile */ = {
			isa = PBXGroup;
			children = (
				49DA91371CDF947200B8787B /* BUCMyProfileViewController.h */,
				49DA91381CDF947200B8787B /* BUCMyProfileViewController.m */,
			);
			name = MyProfile;
			sourceTree = "<group>";
		};
		49DA913E1CDF94B100B8787B /* Views */ = {
			isa = PBXGroup;
			children = (
				49DA913B1CDF94AC00B8787B /* BUCHomeCell.h */,
				49DA913C1CDF94AC00B8787B /* BUCHomeCell.m */,
				49DA91671CE0807E00B8787B /* BUCPostDetailCell.h */,
				49DA91681CE0807E00B8787B /* BUCPostDetailCell.m */,
				49DA917F1CE0EF8C00B8787B /* BUCFooterView.h */,
				49DA91801CE0EF8C00B8787B /* BUCFooterView.m */,
				490B39B81CF9993700578E9E /* BUCTextAttachment.h */,
				490B39B91CF9993700578E9E /* BUCTextAttachment.m */,
			);
			name = Views;
			sourceTree = "<group>";
		};
		49DA91491CDFA26C00B8787B /* Views */ = {
			isa = PBXGroup;
			children = (
				49DA91461CDFA26200B8787B /* BUCLoadingView.h */,
				49DA91471CDFA26200B8787B /* BUCLoadingView.m */,
			);
			name = Views;
			sourceTree = "<group>";
		};
		49DA914D1CDFA41700B8787B /* Category */ = {
			isa = PBXGroup;
			children = (
				49DA914A1CDFA41300B8787B /* NSString+Tools.h */,
				49DA914B1CDFA41300B8787B /* NSString+Tools.m */,
				49DA91611CE07C8200B8787B /* UIColor+BUC.h */,
				49DA91621CE07C8200B8787B /* UIColor+BUC.m */,
				49DA917C1CE0E35E00B8787B /* BUCArray.h */,
				49DA917D1CE0E35E00B8787B /* BUCArray.m */,
			);
			name = Category;
			sourceTree = "<group>";
		};
		49DA91571CDFAE3F00B8787B /* Model */ = {
			isa = PBXGroup;
			children = (
				49DA91541CDFAE3B00B8787B /* BUCBaseModel.h */,
				49DA91551CDFAE3B00B8787B /* BUCBaseModel.m */,
				49DA91581CDFAE6100B8787B /* BUCAccountModel.h */,
				49DA91591CDFAE6100B8787B /* BUCAccountModel.m */,
				49DA915B1CE06D0200B8787B /* BUCHomeModel.h */,
				49DA915C1CE06D0200B8787B /* BUCHomeModel.m */,
				49DA915E1CE06FD300B8787B /* BUCHomeLastReplyModel.h */,
				49DA915F1CE06FD300B8787B /* BUCHomeLastReplyModel.m */,
				49DA916A1CE086DD00B8787B /* BUCPostDetailModel.h */,
				49DA916B1CE086DD00B8787B /* BUCPostDetailModel.m */,
			);
			name = Model;
			sourceTree = "<group>";
		};
		49DA91701CE0889A00B8787B /* Happle */ = {
			isa = PBXGroup;
			children = (
				49DA91711CE0889A00B8787B /* TFHpple.h */,
				49DA91721CE0889A00B8787B /* TFHpple.m */,
				49DA91731CE0889A00B8787B /* TFHppleElement.h */,
				49DA91741CE0889A00B8787B /* TFHppleElement.m */,
				49DA91751CE0889A00B8787B /* XPathQuery.h */,
				49DA91761CE0889A00B8787B /* XPathQuery.m */,
			);
			path = Happle;
			sourceTree = "<group>";
		};
		AFC72E598F31E33D58905C74 /* Frameworks */ = {
			isa = PBXGroup;
			children = (
				49DA917A1CE088CC00B8787B /* libxml2.2.tbd */,
				FC85198A0E5303200DFC69BE /* libPods.a */,
			);
			name = Frameworks;
			sourceTree = "<group>";
		};
/* End PBXGroup section */

/* Begin PBXNativeTarget section */
		49DA90E21CDF8F5100B8787B /* BUCilent */ = {
			isa = PBXNativeTarget;
			buildConfigurationList = 49DA91101CDF8F5100B8787B /* Build configuration list for PBXNativeTarget "BUCilent" */;
			buildPhases = (
				5B156D776346574F7D444512 /* Check Pods Manifest.lock */,
				49DA90DF1CDF8F5100B8787B /* Sources */,
				49DA90E01CDF8F5100B8787B /* Frameworks */,
				49DA90E11CDF8F5100B8787B /* Resources */,
				60D264F11DB285676228AF65 /* Copy Pods Resources */,
			);
			buildRules = (
			);
			dependencies = (
			);
			name = BUCilent;
			productName = BUCilent;
			productReference = 49DA90E31CDF8F5100B8787B /* BUCilent.app */;
			productType = "com.apple.product-type.application";
		};
		49DA90FB1CDF8F5100B8787B /* BUCilentTests */ = {
			isa = PBXNativeTarget;
			buildConfigurationList = 49DA91131CDF8F5100B8787B /* Build configuration list for PBXNativeTarget "BUCilentTests" */;
			buildPhases = (
				49DA90F81CDF8F5100B8787B /* Sources */,
				49DA90F91CDF8F5100B8787B /* Frameworks */,
				49DA90FA1CDF8F5100B8787B /* Resources */,
			);
			buildRules = (
			);
			dependencies = (
				49DA90FE1CDF8F5100B8787B /* PBXTargetDependency */,
			);
			name = BUCilentTests;
			productName = BUCilentTests;
			productReference = 49DA90FC1CDF8F5100B8787B /* BUCilentTests.xctest */;
			productType = "com.apple.product-type.bundle.unit-test";
		};
		49DA91061CDF8F5100B8787B /* BUCilentUITests */ = {
			isa = PBXNativeTarget;
			buildConfigurationList = 49DA91161CDF8F5100B8787B /* Build configuration list for PBXNativeTarget "BUCilentUITests" */;
			buildPhases = (
				49DA91031CDF8F5100B8787B /* Sources */,
				49DA91041CDF8F5100B8787B /* Frameworks */,
				49DA91051CDF8F5100B8787B /* Resources */,
			);
			buildRules = (
			);
			dependencies = (
				49DA91091CDF8F5100B8787B /* PBXTargetDependency */,
			);
			name = BUCilentUITests;
			productName = BUCilentUITests;
			productReference = 49DA91071CDF8F5100B8787B /* BUCilentUITests.xctest */;
			productType = "com.apple.product-type.bundle.ui-testing";
		};
/* End PBXNativeTarget section */

/* Begin PBXProject section */
		49DA90DB1CDF8F5100B8787B /* Project object */ = {
			isa = PBXProject;
			attributes = {
				LastUpgradeCheck = 0730;
				ORGANIZATIONNAME = zouzhigang;
				TargetAttributes = {
					49DA90E21CDF8F5100B8787B = {
						CreatedOnToolsVersion = 7.3;
					};
					49DA90FB1CDF8F5100B8787B = {
						CreatedOnToolsVersion = 7.3;
						TestTargetID = 49DA90E21CDF8F5100B8787B;
					};
					49DA91061CDF8F5100B8787B = {
						CreatedOnToolsVersion = 7.3;
						TestTargetID = 49DA90E21CDF8F5100B8787B;
					};
				};
			};
			buildConfigurationList = 49DA90DE1CDF8F5100B8787B /* Build configuration list for PBXProject "BUCilent" */;
			compatibilityVersion = "Xcode 3.2";
			developmentRegion = English;
			hasScannedForEncodings = 0;
			knownRegions = (
				en,
				Base,
			);
			mainGroup = 49DA90DA1CDF8F5100B8787B;
			productRefGroup = 49DA90E41CDF8F5100B8787B /* Products */;
			projectDirPath = "";
			projectRoot = "";
			targets = (
				49DA90E21CDF8F5100B8787B /* BUCilent */,
				49DA90FB1CDF8F5100B8787B /* BUCilentTests */,
				49DA91061CDF8F5100B8787B /* BUCilentUITests */,
			);
		};
/* End PBXProject section */

/* Begin PBXResourcesBuildPhase section */
		49DA90E11CDF8F5100B8787B /* Resources */ = {
			isa = PBXResourcesBuildPhase;
			buildActionMask = 2147483647;
			files = (
				49DA90F61CDF8F5100B8787B /* LaunchScreen.storyboard in Resources */,
				49DA90F31CDF8F5100B8787B /* Assets.xcassets in Resources */,
				49DA90F11CDF8F5100B8787B /* Main.storyboard in Resources */,
			);
			runOnlyForDeploymentPostprocessing = 0;
		};
		49DA90FA1CDF8F5100B8787B /* Resources */ = {
			isa = PBXResourcesBuildPhase;
			buildActionMask = 2147483647;
			files = (
			);
			runOnlyForDeploymentPostprocessing = 0;
		};
		49DA91051CDF8F5100B8787B /* Resources */ = {
			isa = PBXResourcesBuildPhase;
			buildActionMask = 2147483647;
			files = (
			);
			runOnlyForDeploymentPostprocessing = 0;
		};
/* End PBXResourcesBuildPhase section */

/* Begin PBXShellScriptBuildPhase section */
		5B156D776346574F7D444512 /* Check Pods Manifest.lock */ = {
			isa = PBXShellScriptBuildPhase;
			buildActionMask = 2147483647;
			files = (
			);
			inputPaths = (
			);
			name = "Check Pods Manifest.lock";
			outputPaths = (
			);
			runOnlyForDeploymentPostprocessing = 0;
			shellPath = /bin/sh;
			shellScript = "diff \"${PODS_ROOT}/../Podfile.lock\" \"${PODS_ROOT}/Manifest.lock\" > /dev/null\nif [[ $? != 0 ]] ; then\n    cat << EOM\nerror: The sandbox is not in sync with the Podfile.lock. Run 'pod install' or update your CocoaPods installation.\nEOM\n    exit 1\nfi\n";
			showEnvVarsInLog = 0;
		};
		60D264F11DB285676228AF65 /* Copy Pods Resources */ = {
			isa = PBXShellScriptBuildPhase;
			buildActionMask = 2147483647;
			files = (
			);
			inputPaths = (
			);
			name = "Copy Pods Resources";
			outputPaths = (
			);
			runOnlyForDeploymentPostprocessing = 0;
			shellPath = /bin/sh;
			shellScript = "\"${SRCROOT}/Pods/Target Support Files/Pods/Pods-resources.sh\"\n";
			showEnvVarsInLog = 0;
		};
/* End PBXShellScriptBuildPhase section */

/* Begin PBXSourcesBuildPhase section */
		49DA90DF1CDF8F5100B8787B /* Sources */ = {
			isa = PBXSourcesBuildPhase;
			buildActionMask = 2147483647;
			files = (
				49DA91271CDF92E700B8787B /* BUCHomeViewController.m in Sources */,
				49DA91391CDF947200B8787B /* BUCMyProfileViewController.m in Sources */,
				49DA911F1CDF91A500B8787B /* BUCNetworkAPI.m in Sources */,
				49DA91231CDF92BC00B8787B /* BUCTabViewController.m in Sources */,
				49DA91631CE07C8200B8787B /* UIColor+BUC.m in Sources */,
				49DA90EE1CDF8F5100B8787B /* ViewController.m in Sources */,
				49DA91331CDF93F300B8787B /* BUCBaseTableViewCell.m in Sources */,
				49DA91481CDFA26200B8787B /* BUCLoadingView.m in Sources */,
				49DA91781CE0889A00B8787B /* TFHppleElement.m in Sources */,
				49DA91561CDFAE3B00B8787B /* BUCBaseModel.m in Sources */,
				49DA91691CE0807E00B8787B /* BUCPostDetailCell.m in Sources */,
				49DA914C1CDFA41300B8787B /* NSString+Tools.m in Sources */,
				49DA915D1CE06D0200B8787B /* BUCHomeModel.m in Sources */,
				49DA913D1CDF94AC00B8787B /* BUCHomeCell.m in Sources */,
				49DA91601CE06FD300B8787B /* BUCHomeLastReplyModel.m in Sources */,
				49DA91661CE0803800B8787B /* BUCPostDetailViewController.m in Sources */,
				49DA917E1CE0E35E00B8787B /* BUCArray.m in Sources */,
				49DA91791CE0889A00B8787B /* XPathQuery.m in Sources */,
				49DA90EB1CDF8F5100B8787B /* AppDelegate.m in Sources */,
				49DA915A1CDFAE6100B8787B /* BUCAccountModel.m in Sources */,
				49DA91501CDFAA2D00B8787B /* BUCDataManager.m in Sources */,
				49DA916F1CE0881700B8787B /* BUCHtmlScraper.m in Sources */,
				49DA91531CDFADD100B8787B /* BUCUserManager.m in Sources */,
				49DA911B1CDF914C00B8787B /* BUCBaseViewController.m in Sources */,
				49DA91841CE0F61800B8787B /* BUCReplyViewController.m in Sources */,
				49DA916C1CE086DD00B8787B /* BUCPostDetailModel.m in Sources */,
				490B39BA1CF9993700578E9E /* BUCTextAttachment.m in Sources */,
				49DA91771CE0889A00B8787B /* TFHpple.m in Sources */,
				49DA912B1CDF936700B8787B /* BUCDiscoverViewController.m in Sources */,
				49DA90E81CDF8F5100B8787B /* main.m in Sources */,
				49DA91441CDF9F6700B8787B /* BUCLoginViewController.m in Sources */,
				49DA91411CDF95C400B8787B /* BUCNetworkEngine.m in Sources */,
				49DA91811CE0EF8C00B8787B /* BUCFooterView.m in Sources */,
			);
			runOnlyForDeploymentPostprocessing = 0;
		};
		49DA90F81CDF8F5100B8787B /* Sources */ = {
			isa = PBXSourcesBuildPhase;
			buildActionMask = 2147483647;
			files = (
				49DA91011CDF8F5100B8787B /* BUCilentTests.m in Sources */,
			);
			runOnlyForDeploymentPostprocessing = 0;
		};
		49DA91031CDF8F5100B8787B /* Sources */ = {
			isa = PBXSourcesBuildPhase;
			buildActionMask = 2147483647;
			files = (
				49DA910C1CDF8F5100B8787B /* BUCilentUITests.m in Sources */,
			);
			runOnlyForDeploymentPostprocessing = 0;
		};
/* End PBXSourcesBuildPhase section */

/* Begin PBXTargetDependency section */
		49DA90FE1CDF8F5100B8787B /* PBXTargetDependency */ = {
			isa = PBXTargetDependency;
			target = 49DA90E21CDF8F5100B8787B /* BUCilent */;
			targetProxy = 49DA90FD1CDF8F5100B8787B /* PBXContainerItemProxy */;
		};
		49DA91091CDF8F5100B8787B /* PBXTargetDependency */ = {
			isa = PBXTargetDependency;
			target = 49DA90E21CDF8F5100B8787B /* BUCilent */;
			targetProxy = 49DA91081CDF8F5100B8787B /* PBXContainerItemProxy */;
		};
/* End PBXTargetDependency section */

/* Begin PBXVariantGroup section */
		49DA90EF1CDF8F5100B8787B /* Main.storyboard */ = {
			isa = PBXVariantGroup;
			children = (
				49DA90F01CDF8F5100B8787B /* Base */,
			);
			name = Main.storyboard;
			sourceTree = "<group>";
		};
		49DA90F41CDF8F5100B8787B /* LaunchScreen.storyboard */ = {
			isa = PBXVariantGroup;
			children = (
				49DA90F51CDF8F5100B8787B /* Base */,
			);
			name = LaunchScreen.storyboard;
			sourceTree = "<group>";
		};
/* End PBXVariantGroup section */

/* Begin XCBuildConfiguration section */
		49DA910E1CDF8F5100B8787B /* Debug */ = {
			isa = XCBuildConfiguration;
			buildSettings = {
				ALWAYS_SEARCH_USER_PATHS = NO;
				CLANG_ANALYZER_NONNULL = YES;
				CLANG_CXX_LANGUAGE_STANDARD = "gnu++0x";
				CLANG_CXX_LIBRARY = "libc++";
				CLANG_ENABLE_MODULES = YES;
				CLANG_ENABLE_OBJC_ARC = YES;
				CLANG_WARN_BOOL_CONVERSION = YES;
				CLANG_WARN_CONSTANT_CONVERSION = YES;
				CLANG_WARN_DIRECT_OBJC_ISA_USAGE = YES_ERROR;
				CLANG_WARN_EMPTY_BODY = YES;
				CLANG_WARN_ENUM_CONVERSION = YES;
				CLANG_WARN_INT_CONVERSION = YES;
				CLANG_WARN_OBJC_ROOT_CLASS = YES_ERROR;
				CLANG_WARN_UNREACHABLE_CODE = YES;
				CLANG_WARN__DUPLICATE_METHOD_MATCH = YES;
				"CODE_SIGN_IDENTITY[sdk=iphoneos*]" = "iPhone Developer";
				COPY_PHASE_STRIP = NO;
				DEBUG_INFORMATION_FORMAT = dwarf;
				ENABLE_STRICT_OBJC_MSGSEND = YES;
				ENABLE_TESTABILITY = YES;
				GCC_C_LANGUAGE_STANDARD = gnu99;
				GCC_DYNAMIC_NO_PIC = NO;
				GCC_NO_COMMON_BLOCKS = YES;
				GCC_OPTIMIZATION_LEVEL = 0;
				GCC_PREPROCESSOR_DEFINITIONS = (
					"DEBUG=1",
					"$(inherited)",
				);
				GCC_WARN_64_TO_32_BIT_CONVERSION = YES;
				GCC_WARN_ABOUT_RETURN_TYPE = YES_ERROR;
				GCC_WARN_UNDECLARED_SELECTOR = YES;
				GCC_WARN_UNINITIALIZED_AUTOS = YES_AGGRESSIVE;
				GCC_WARN_UNUSED_FUNCTION = YES;
				GCC_WARN_UNUSED_VARIABLE = YES;
				IPHONEOS_DEPLOYMENT_TARGET = 9.3;
				MTL_ENABLE_DEBUG_INFO = YES;
				ONLY_ACTIVE_ARCH = YES;
				SDKROOT = iphoneos;
			};
			name = Debug;
		};
		49DA910F1CDF8F5100B8787B /* Release */ = {
			isa = XCBuildConfiguration;
			buildSettings = {
				ALWAYS_SEARCH_USER_PATHS = NO;
				CLANG_ANALYZER_NONNULL = YES;
				CLANG_CXX_LANGUAGE_STANDARD = "gnu++0x";
				CLANG_CXX_LIBRARY = "libc++";
				CLANG_ENABLE_MODULES = YES;
				CLANG_ENABLE_OBJC_ARC = YES;
				CLANG_WARN_BOOL_CONVERSION = YES;
				CLANG_WARN_CONSTANT_CONVERSION = YES;
				CLANG_WARN_DIRECT_OBJC_ISA_USAGE = YES_ERROR;
				CLANG_WARN_EMPTY_BODY = YES;
				CLANG_WARN_ENUM_CONVERSION = YES;
				CLANG_WARN_INT_CONVERSION = YES;
				CLANG_WARN_OBJC_ROOT_CLASS = YES_ERROR;
				CLANG_WARN_UNREACHABLE_CODE = YES;
				CLANG_WARN__DUPLICATE_METHOD_MATCH = YES;
				"CODE_SIGN_IDENTITY[sdk=iphoneos*]" = "iPhone Developer";
				COPY_PHASE_STRIP = NO;
				DEBUG_INFORMATION_FORMAT = "dwarf-with-dsym";
				ENABLE_NS_ASSERTIONS = NO;
				ENABLE_STRICT_OBJC_MSGSEND = YES;
				GCC_C_LANGUAGE_STANDARD = gnu99;
				GCC_NO_COMMON_BLOCKS = YES;
				GCC_WARN_64_TO_32_BIT_CONVERSION = YES;
				GCC_WARN_ABOUT_RETURN_TYPE = YES_ERROR;
				GCC_WARN_UNDECLARED_SELECTOR = YES;
				GCC_WARN_UNINITIALIZED_AUTOS = YES_AGGRESSIVE;
				GCC_WARN_UNUSED_FUNCTION = YES;
				GCC_WARN_UNUSED_VARIABLE = YES;
				IPHONEOS_DEPLOYMENT_TARGET = 9.3;
				MTL_ENABLE_DEBUG_INFO = NO;
				SDKROOT = iphoneos;
				VALIDATE_PRODUCT = YES;
			};
			name = Release;
		};
		49DA91111CDF8F5100B8787B /* Debug */ = {
			isa = XCBuildConfiguration;
			baseConfigurationReference = AF7E450261B0582219AD711F /* Pods.debug.xcconfig */;
			buildSettings = {
				ASSETCATALOG_COMPILER_APPICON_NAME = AppIcon;
				GCC_PRECOMPILE_PREFIX_HEADER = YES;
				"HEADER_SEARCH_PATHS[arch=*]" = "${SDKROOT}/usr/include/libxml2";
				INFOPLIST_FILE = BUCilent/Info.plist;
				LD_RUNPATH_SEARCH_PATHS = "$(inherited) @executable_path/Frameworks";
				PRODUCT_BUNDLE_IDENTIFIER = com.MySuperCompany.BUCilent;
				PRODUCT_NAME = "$(TARGET_NAME)";
			};
			name = Debug;
		};
		49DA91121CDF8F5100B8787B /* Release */ = {
			isa = XCBuildConfiguration;
			baseConfigurationReference = 2D39087C48B1B4005FECCF72 /* Pods.release.xcconfig */;
			buildSettings = {
				ASSETCATALOG_COMPILER_APPICON_NAME = AppIcon;
				GCC_PRECOMPILE_PREFIX_HEADER = YES;
				"HEADER_SEARCH_PATHS[arch=*]" = "${SDKROOT}/usr/include/libxml2";
				INFOPLIST_FILE = BUCilent/Info.plist;
				LD_RUNPATH_SEARCH_PATHS = "$(inherited) @executable_path/Frameworks";
				PRODUCT_BUNDLE_IDENTIFIER = com.MySuperCompany.BUCilent;
				PRODUCT_NAME = "$(TARGET_NAME)";
			};
			name = Release;
		};
		49DA91141CDF8F5100B8787B /* Debug */ = {
			isa = XCBuildConfiguration;
			buildSettings = {
				BUNDLE_LOADER = "$(TEST_HOST)";
				INFOPLIST_FILE = BUCilentTests/Info.plist;
				LD_RUNPATH_SEARCH_PATHS = "$(inherited) @executable_path/Frameworks @loader_path/Frameworks";
				PRODUCT_BUNDLE_IDENTIFIER = com.MySuperCompany.BUCilentTests;
				PRODUCT_NAME = "$(TARGET_NAME)";
				TEST_HOST = "$(BUILT_PRODUCTS_DIR)/BUCilent.app/BUCilent";
			};
			name = Debug;
		};
		49DA91151CDF8F5100B8787B /* Release */ = {
			isa = XCBuildConfiguration;
			buildSettings = {
				BUNDLE_LOADER = "$(TEST_HOST)";
				INFOPLIST_FILE = BUCilentTests/Info.plist;
				LD_RUNPATH_SEARCH_PATHS = "$(inherited) @executable_path/Frameworks @loader_path/Frameworks";
				PRODUCT_BUNDLE_IDENTIFIER = com.MySuperCompany.BUCilentTests;
				PRODUCT_NAME = "$(TARGET_NAME)";
				TEST_HOST = "$(BUILT_PRODUCTS_DIR)/BUCilent.app/BUCilent";
			};
			name = Release;
		};
		49DA91171CDF8F5100B8787B /* Debug */ = {
			isa = XCBuildConfiguration;
			buildSettings = {
				INFOPLIST_FILE = BUCilentUITests/Info.plist;
				LD_RUNPATH_SEARCH_PATHS = "$(inherited) @executable_path/Frameworks @loader_path/Frameworks";
				PRODUCT_BUNDLE_IDENTIFIER = com.MySuperCompany.BUCilentUITests;
				PRODUCT_NAME = "$(TARGET_NAME)";
				TEST_TARGET_NAME = BUCilent;
			};
			name = Debug;
		};
		49DA91181CDF8F5100B8787B /* Release */ = {
			isa = XCBuildConfiguration;
			buildSettings = {
				INFOPLIST_FILE = BUCilentUITests/Info.plist;
				LD_RUNPATH_SEARCH_PATHS = "$(inherited) @executable_path/Frameworks @loader_path/Frameworks";
				PRODUCT_BUNDLE_IDENTIFIER = com.MySuperCompany.BUCilentUITests;
				PRODUCT_NAME = "$(TARGET_NAME)";
				TEST_TARGET_NAME = BUCilent;
			};
			name = Release;
		};
/* End XCBuildConfiguration section */

/* Begin XCConfigurationList section */
		49DA90DE1CDF8F5100B8787B /* Build configuration list for PBXProject "BUCilent" */ = {
			isa = XCConfigurationList;
			buildConfigurations = (
				49DA910E1CDF8F5100B8787B /* Debug */,
				49DA910F1CDF8F5100B8787B /* Release */,
			);
			defaultConfigurationIsVisible = 0;
			defaultConfigurationName = Release;
		};
		49DA91101CDF8F5100B8787B /* Build configuration list for PBXNativeTarget "BUCilent" */ = {
			isa = XCConfigurationList;
			buildConfigurations = (
				49DA91111CDF8F5100B8787B /* Debug */,
				49DA91121CDF8F5100B8787B /* Release */,
			);
			defaultConfigurationIsVisible = 0;
			defaultConfigurationName = Release;
		};
		49DA91131CDF8F5100B8787B /* Build configuration list for PBXNativeTarget "BUCilentTests" */ = {
			isa = XCConfigurationList;
			buildConfigurations = (
				49DA91141CDF8F5100B8787B /* Debug */,
				49DA91151CDF8F5100B8787B /* Release */,
			);
			defaultConfigurationIsVisible = 0;
			defaultConfigurationName = Release;
		};
		49DA91161CDF8F5100B8787B /* Build configuration list for PBXNativeTarget "BUCilentUITests" */ = {
			isa = XCConfigurationList;
			buildConfigurations = (
				49DA91171CDF8F5100B8787B /* Debug */,
				49DA91181CDF8F5100B8787B /* Release */,
			);
			defaultConfigurationIsVisible = 0;
			defaultConfigurationName = Release;
		};
/* End XCConfigurationList section */
	};
	rootObject = 49DA90DB1CDF8F5100B8787B /* Project object */;
}
